
Microsoft Visual Studio Solution File, Format Version 12.00
# Visual Studio Version 16
VisualStudioVersion = 16.0.31025.194
MinimumVisualStudioVersion = 10.0.40219.1
Project("{FAE04EC0-301F-11D3-BF4B-00C04F79EFBC}") = "AppTemplate.Forms.UWP", "AppTemplate.Forms.UWP\AppTemplate.Forms.UWP.csproj", "{53758D71-4691-4C05-8A38-FCB716C066B9}"
EndProject
Project("{FAE04EC0-301F-11D3-BF4B-00C04F79EFBC}") = "AppTemplate.Forms.Android", "AppTemplate.Forms.Android\AppTemplate.Forms.Android.csproj", "{B73C26CB-A782-4085-AE2C-28C6621A3D9B}"
EndProject
Project("{FAE04EC0-301F-11D3-BF4B-00C04F79EFBC}") = "AppTemplate.Forms.iOS", "AppTemplate.Forms.iOS\AppTemplate.Forms.iOS.csproj", "{9320152F-77B6-4492-AE5B-A44BB0E3D9FC}"
EndProject
Project("{9A19103F-16F7-4668-BE54-9A1E7A4F7556}") = "AppTemplate.Forms", "AppTemplate.Forms\AppTemplate.Forms.csproj", "{F33A36C5-FB7F-47E5-8E13-E87ED92FB841}"
EndProject
Project("{FAE04EC0-301F-11D3-BF4B-00C04F79EFBC}") = "AppTemplate.Core", "AppTemplate.Core\AppTemplate.Core.csproj", "{DDD5D7E2-2D04-480F-9614-F320F5A8A998}"
EndProject
Project("{FAE04EC0-301F-11D3-BF4B-00C04F79EFBC}") = "AppTemplate.Core.Tests", "AppTemplate.Core.Tests\AppTemplate.Core.Tests.csproj", "{66AEF619-CF07-4764-85E2-F0832AAF2CE4}"
EndProject
Project("{2150E333-8FDC-42A3-9474-1A3956D46DE8}") = "Business Layer", "Business Layer", "{3DAE5A71-0B5A-47D9-9844-D882BC020CF9}"
EndProject
Project("{2150E333-8FDC-42A3-9474-1A3956D46DE8}") = "PresentationLayer", "PresentationLayer", "{1C0E8D95-B1A2-4227-B71C-2554D327A30B}"
EndProject
Project("{2150E333-8FDC-42A3-9474-1A3956D46DE8}") = "Tests", "Tests", "{BB1366AB-6EB4-4A94-9858-58B1B454E4BF}"
EndProject
Global
	GlobalSection(SolutionConfigurationPlatforms) = preSolution
		Debug|Any CPU = Debug|Any CPU
		Debug|ARM = Debug|ARM
		Debug|iPhone = Debug|iPhone
		Debug|iPhoneSimulator = Debug|iPhoneSimulator
		Debug|x64 = Debug|x64
		Debug|x86 = Debug|x86
		Release|Any CPU = Release|Any CPU
		Release|ARM = Release|ARM
		Release|iPhone = Release|iPhone
		Release|iPhoneSimulator = Release|iPhoneSimulator
		Release|x64 = Release|x64
		Release|x86 = Release|x86
	EndGlobalSection
	GlobalSection(ProjectConfigurationPlatforms) = postSolution
		{53758D71-4691-4C05-8A38-FCB716C066B9}.Debug|Any CPU.ActiveCfg = Debug|x86
		{53758D71-4691-4C05-8A38-FCB716C066B9}.Debug|Any CPU.Build.0 = Debug|x86
		{53758D71-4691-4C05-8A38-FCB716C066B9}.Debug|Any CPU.Deploy.0 = Debug|x86
		{53758D71-4691-4C05-8A38-FCB716C066B9}.Debug|ARM.ActiveCfg = Debug|ARM
		{53758D71-4691-4C05-8A38-FCB716C066B9}.Debug|ARM.Build.0 = Debug|ARM
		{53758D71-4691-4C05-8A38-FCB716C066B9}.Debug|ARM.Deploy.0 = Debug|ARM
		{53758D71-4691-4C05-8A38-FCB716C066B9}.Debug|iPhone.ActiveCfg = Debug|x86
		{53758D71-4691-4C05-8A38-FCB716C066B9}.Debug|iPhone.Build.0 = Debug|x86
		{53758D71-4691-4C05-8A38-FCB716C066B9}.Debug|iPhone.Deploy.0 = Debug|x86
		{53758D71-4691-4C05-8A38-FCB716C066B9}.Debug|iPhoneSimulator.ActiveCfg = Debug|x86
		{53758D71-4691-4C05-8A38-FCB716C066B9}.Debug|iPhoneSimulator.Build.0 = Debug|x86
		{53758D71-4691-4C05-8A38-FCB716C066B9}.Debug|iPhoneSimulator.Deploy.0 = Debug|x86
		{53758D71-4691-4C05-8A38-FCB716C066B9}.Debug|x64.ActiveCfg = Debug|x64
		{53758D71-4691-4C05-8A38-FCB716C066B9}.Debug|x64.Build.0 = Debug|x64
		{53758D71-4691-4C05-8A38-FCB716C066B9}.Debug|x64.Deploy.0 = Debug|x64
		{53758D71-4691-4C05-8A38-FCB716C066B9}.Debug|x86.ActiveCfg = Debug|x86
		{53758D71-4691-4C05-8A38-FCB716C066B9}.Debug|x86.Build.0 = Debug|x86
		{53758D71-4691-4C05-8A38-FCB716C066B9}.Debug|x86.Deploy.0 = Debug|x86
		{53758D71-4691-4C05-8A38-FCB716C066B9}.Release|Any CPU.ActiveCfg = Release|x86
		{53758D71-4691-4C05-8A38-FCB716C066B9}.Release|Any CPU.Build.0 = Release|x86
		{53758D71-4691-4C05-8A38-FCB716C066B9}.Release|Any CPU.Deploy.0 = Release|x86
		{53758D71-4691-4C05-8A38-FCB716C066B9}.Release|ARM.ActiveCfg = Release|ARM
		{53758D71-4691-4C05-8A38-FCB716C066B9}.Release|ARM.Build.0 = Release|ARM
		{53758D71-4691-4C05-8A38-FCB716C066B9}.Release|ARM.Deploy.0 = Release|ARM
		{53758D71-4691-4C05-8A38-FCB716C066B9}.Release|iPhone.ActiveCfg = Release|x86
		{53758D71-4691-4C05-8A38-FCB716C066B9}.Release|iPhone.Build.0 = Release|x86
		{53758D71-4691-4C05-8A38-FCB716C066B9}.Release|iPhone.Deploy.0 = Release|x86
		{53758D71-4691-4C05-8A38-FCB716C066B9}.Release|iPhoneSimulator.ActiveCfg = Release|x86
		{53758D71-4691-4C05-8A38-FCB716C066B9}.Release|iPhoneSimulator.Build.0 = Release|x86
		{53758D71-4691-4C05-8A38-FCB716C066B9}.Release|iPhoneSimulator.Deploy.0 = Release|x86
		{53758D71-4691-4C05-8A38-FCB716C066B9}.Release|x64.ActiveCfg = Release|x64
		{53758D71-4691-4C05-8A38-FCB716C066B9}.Release|x64.Build.0 = Release|x64
		{53758D71-4691-4C05-8A38-FCB716C066B9}.Release|x64.Deploy.0 = Release|x64
		{53758D71-4691-4C05-8A38-FCB716C066B9}.Release|x86.ActiveCfg = Release|x86
		{53758D71-4691-4C05-8A38-FCB716C066B9}.Release|x86.Build.0 = Release|x86
		{53758D71-4691-4C05-8A38-FCB716C066B9}.Release|x86.Deploy.0 = Release|x86
		{B73C26CB-A782-4085-AE2C-28C6621A3D9B}.Debug|Any CPU.ActiveCfg = Debug|Any CPU
		{B73C26CB-A782-4085-AE2C-28C6621A3D9B}.Debug|Any CPU.Build.0 = Debug|Any CPU
		{B73C26CB-A782-4085-AE2C-28C6621A3D9B}.Debug|Any CPU.Deploy.0 = Debug|Any CPU
		{B73C26CB-A782-4085-AE2C-28C6621A3D9B}.Debug|ARM.ActiveCfg = Debug|Any CPU
		{B73C26CB-A782-4085-AE2C-28C6621A3D9B}.Debug|ARM.Build.0 = Debug|Any CPU
		{B73C26CB-A782-4085-AE2C-28C6621A3D9B}.Debug|ARM.Deploy.0 = Debug|Any CPU
		{B73C26CB-A782-4085-AE2C-28C6621A3D9B}.Debug|iPhone.ActiveCfg = Debug|Any CPU
		{B73C26CB-A782-4085-AE2C-28C6621A3D9B}.Debug|iPhone.Build.0 = Debug|Any CPU
		{B73C26CB-A782-4085-AE2C-28C6621A3D9B}.Debug|iPhone.Deploy.0 = Debug|Any CPU
		{B73C26CB-A782-4085-AE2C-28C6621A3D9B}.Debug|iPhoneSimulator.ActiveCfg = Debug|Any CPU
		{B73C26CB-A782-4085-AE2C-28C6621A3D9B}.Debug|iPhoneSimulator.Build.0 = Debug|Any CPU
		{B73C26CB-A782-4085-AE2C-28C6621A3D9B}.Debug|iPhoneSimulator.Deploy.0 = Debug|Any CPU
		{B73C26CB-A782-4085-AE2C-28C6621A3D9B}.Debug|x64.ActiveCfg = Debug|Any CPU
		{B73C26CB-A782-4085-AE2C-28C6621A3D9B}.Debug|x64.Build.0 = Debug|Any CPU
		{B73C26CB-A782-4085-AE2C-28C6621A3D9B}.Debug|x64.Deploy.0 = Debug|Any CPU
		{B73C26CB-A782-4085-AE2C-28C6621A3D9B}.Debug|x86.ActiveCfg = Debug|Any CPU
		{B73C26CB-A782-4085-AE2C-28C6621A3D9B}.Debug|x86.Build.0 = Debug|Any CPU
		{B73C26CB-A782-4085-AE2C-28C6621A3D9B}.Debug|x86.Deploy.0 = Debug|Any CPU
		{B73C26CB-A782-4085-AE2C-28C6621A3D9B}.Release|Any CPU.ActiveCfg = Release|Any CPU
		{B73C26CB-A782-4085-AE2C-28C6621A3D9B}.Release|Any CPU.Build.0 = Release|Any CPU
		{B73C26CB-A782-4085-AE2C-28C6621A3D9B}.Release|Any CPU.Deploy.0 = Release|Any CPU
		{B73C26CB-A782-4085-AE2C-28C6621A3D9B}.Release|ARM.ActiveCfg = Release|Any CPU
		{B73C26CB-A782-4085-AE2C-28C6621A3D9B}.Release|ARM.Build.0 = Release|Any CPU
		{B73C26CB-A782-4085-AE2C-28C6621A3D9B}.Release|ARM.Deploy.0 = Release|Any CPU
		{B73C26CB-A782-4085-AE2C-28C6621A3D9B}.Release|iPhone.ActiveCfg = Release|Any CPU
		{B73C26CB-A782-4085-AE2C-28C6621A3D9B}.Release|iPhone.Build.0 = Release|Any CPU
		{B73C26CB-A782-4085-AE2C-28C6621A3D9B}.Release|iPhone.Deploy.0 = Release|Any CPU
		{B73C26CB-A782-4085-AE2C-28C6621A3D9B}.Release|iPhoneSimulator.ActiveCfg = Release|Any CPU
		{B73C26CB-A782-4085-AE2C-28C6621A3D9B}.Release|iPhoneSimulator.Build.0 = Release|Any CPU
		{B73C26CB-A782-4085-AE2C-28C6621A3D9B}.Release|iPhoneSimulator.Deploy.0 = Release|Any CPU
		{B73C26CB-A782-4085-AE2C-28C6621A3D9B}.Release|x64.ActiveCfg = Release|Any CPU
		{B73C26CB-A782-4085-AE2C-28C6621A3D9B}.Release|x64.Build.0 = Release|Any CPU
		{B73C26CB-A782-4085-AE2C-28C6621A3D9B}.Release|x64.Deploy.0 = Release|Any CPU
		{B73C26CB-A782-4085-AE2C-28C6621A3D9B}.Release|x86.ActiveCfg = Release|Any CPU
		{B73C26CB-A782-4085-AE2C-28C6621A3D9B}.Release|x86.Build.0 = Release|Any CPU
		{B73C26CB-A782-4085-AE2C-28C6621A3D9B}.Release|x86.Deploy.0 = Release|Any CPU
		{9320152F-77B6-4492-AE5B-A44BB0E3D9FC}.Debug|Any CPU.ActiveCfg = Debug|iPhoneSimulator
		{9320152F-77B6-4492-AE5B-A44BB0E3D9FC}.Debug|Any CPU.Build.0 = Debug|iPhoneSimulator
		{9320152F-77B6-4492-AE5B-A44BB0E3D9FC}.Debug|Any CPU.Deploy.0 = Debug|iPhoneSimulator
		{9320152F-77B6-4492-AE5B-A44BB0E3D9FC}.Debug|ARM.ActiveCfg = Debug|iPhone
		{9320152F-77B6-4492-AE5B-A44BB0E3D9FC}.Debug|ARM.Build.0 = Debug|iPhone
		{9320152F-77B6-4492-AE5B-A44BB0E3D9FC}.Debug|ARM.Deploy.0 = Debug|iPhone
		{9320152F-77B6-4492-AE5B-A44BB0E3D9FC}.Debug|iPhone.ActiveCfg = Debug|iPhone
		{9320152F-77B6-4492-AE5B-A44BB0E3D9FC}.Debug|iPhone.Build.0 = Debug|iPhone
		{9320152F-77B6-4492-AE5B-A44BB0E3D9FC}.Debug|iPhone.Deploy.0 = Debug|iPhone
		{9320152F-77B6-4492-AE5B-A44BB0E3D9FC}.Debug|iPhoneSimulator.ActiveCfg = Debug|iPhoneSimulator
		{9320152F-77B6-4492-AE5B-A44BB0E3D9FC}.Debug|iPhoneSimulator.Build.0 = Debug|iPhoneSimulator
		{9320152F-77B6-4492-AE5B-A44BB0E3D9FC}.Debug|iPhoneSimulator.Deploy.0 = Debug|iPhoneSimulator
		{9320152F-77B6-4492-AE5B-A44BB0E3D9FC}.Debug|x64.ActiveCfg = Debug|iPhoneSimulator
		{9320152F-77B6-4492-AE5B-A44BB0E3D9FC}.Debug|x64.Build.0 = Debug|iPhoneSimulator
		{9320152F-77B6-4492-AE5B-A44BB0E3D9FC}.Debug|x64.Deploy.0 = Debug|iPhoneSimulator
		{9320152F-77B6-4492-AE5B-A44BB0E3D9FC}.Debug|x86.ActiveCfg = Debug|iPhoneSimulator
		{9320152F-77B6-4492-AE5B-A44BB0E3D9FC}.Debug|x86.Build.0 = Debug|iPhoneSimulator
		{9320152F-77B6-4492-AE5B-A44BB0E3D9FC}.Debug|x86.Deploy.0 = Debug|iPhoneSimulator
		{9320152F-77B6-4492-AE5B-A44BB0E3D9FC}.Release|Any CPU.ActiveCfg = Release|iPhoneSimulator
		{9320152F-77B6-4492-AE5B-A44BB0E3D9FC}.Release|Any CPU.Build.0 = Release|iPhoneSimulator
		{9320152F-77B6-4492-AE5B-A44BB0E3D9FC}.Release|Any CPU.Deploy.0 = Release|iPhoneSimulator
		{9320152F-77B6-4492-AE5B-A44BB0E3D9FC}.Release|ARM.ActiveCfg = Release|iPhoneSimulator
		{9320152F-77B6-4492-AE5B-A44BB0E3D9FC}.Release|ARM.Build.0 = Release|iPhoneSimulator
		{9320152F-77B6-4492-AE5B-A44BB0E3D9FC}.Release|ARM.Deploy.0 = Release|iPhoneSimulator
		{9320152F-77B6-4492-AE5B-A44BB0E3D9FC}.Release|iPhone.ActiveCfg = Release|iPhone
		{9320152F-77B6-4492-AE5B-A44BB0E3D9FC}.Release|iPhone.Build.0 = Release|iPhone
		{9320152F-77B6-4492-AE5B-A44BB0E3D9FC}.Release|iPhone.Deploy.0 = Release|iPhone
		{9320152F-77B6-4492-AE5B-A44BB0E3D9FC}.Release|iPhoneSimulator.ActiveCfg = Release|iPhoneSimulator
		{9320152F-77B6-4492-AE5B-A44BB0E3D9FC}.Release|iPhoneSimulator.Build.0 = Release|iPhoneSimulator
		{9320152F-77B6-4492-AE5B-A44BB0E3D9FC}.Release|iPhoneSimulator.Deploy.0 = Release|iPhoneSimulator
		{9320152F-77B6-4492-AE5B-A44BB0E3D9FC}.Release|x64.ActiveCfg = Release|iPhoneSimulator
		{9320152F-77B6-4492-AE5B-A44BB0E3D9FC}.Release|x64.Build.0 = Release|iPhoneSimulator
		{9320152F-77B6-4492-AE5B-A44BB0E3D9FC}.Release|x64.Deploy.0 = Release|iPhoneSimulator
		{9320152F-77B6-4492-AE5B-A44BB0E3D9FC}.Release|x86.ActiveCfg = Release|iPhoneSimulator
		{9320152F-77B6-4492-AE5B-A44BB0E3D9FC}.Release|x86.Build.0 = Release|iPhoneSimulator
		{9320152F-77B6-4492-AE5B-A44BB0E3D9FC}.Release|x86.Deploy.0 = Release|iPhoneSimulator
		{F33A36C5-FB7F-47E5-8E13-E87ED92FB841}.Debug|Any CPU.ActiveCfg = Debug|Any CPU
		{F33A36C5-FB7F-47E5-8E13-E87ED92FB841}.Debug|Any CPU.Build.0 = Debug|Any CPU
		{F33A36C5-FB7F-47E5-8E13-E87ED92FB841}.Debug|Any CPU.Deploy.0 = Debug|Any CPU
		{F33A36C5-FB7F-47E5-8E13-E87ED92FB841}.Debug|ARM.ActiveCfg = Debug|Any CPU
		{F33A36C5-FB7F-47E5-8E13-E87ED92FB841}.Debug|ARM.Build.0 = Debug|Any CPU
		{F33A36C5-FB7F-47E5-8E13-E87ED92FB841}.Debug|ARM.Deploy.0 = Debug|Any CPU
		{F33A36C5-FB7F-47E5-8E13-E87ED92FB841}.Debug|iPhone.ActiveCfg = Debug|Any CPU
		{F33A36C5-FB7F-47E5-8E13-E87ED92FB841}.Debug|iPhone.Build.0 = Debug|Any CPU
		{F33A36C5-FB7F-47E5-8E13-E87ED92FB841}.Debug|iPhone.Deploy.0 = Debug|Any CPU
		{F33A36C5-FB7F-47E5-8E13-E87ED92FB841}.Debug|iPhoneSimulator.ActiveCfg = Debug|Any CPU
		{F33A36C5-FB7F-47E5-8E13-E87ED92FB841}.Debug|iPhoneSimulator.Build.0 = Debug|Any CPU
		{F33A36C5-FB7F-47E5-8E13-E87ED92FB841}.Debug|iPhoneSimulator.Deploy.0 = Debug|Any CPU
		{F33A36C5-FB7F-47E5-8E13-E87ED92FB841}.Debug|x64.ActiveCfg = Debug|Any CPU
		{F33A36C5-FB7F-47E5-8E13-E87ED92FB841}.Debug|x64.Build.0 = Debug|Any CPU
		{F33A36C5-FB7F-47E5-8E13-E87ED92FB841}.Debug|x64.Deploy.0 = Debug|Any CPU
		{F33A36C5-FB7F-47E5-8E13-E87ED92FB841}.Debug|x86.ActiveCfg = Debug|Any CPU
		{F33A36C5-FB7F-47E5-8E13-E87ED92FB841}.Debug|x86.Build.0 = Debug|Any CPU
		{F33A36C5-FB7F-47E5-8E13-E87ED92FB841}.Debug|x86.Deploy.0 = Debug|Any CPU
		{F33A36C5-FB7F-47E5-8E13-E87ED92FB841}.Release|Any CPU.ActiveCfg = Release|Any CPU
		{F33A36C5-FB7F-47E5-8E13-E87ED92FB841}.Release|Any CPU.Build.0 = Release|Any CPU
		{F33A36C5-FB7F-47E5-8E13-E87ED92FB841}.Release|Any CPU.Deploy.0 = Release|Any CPU
		{F33A36C5-FB7F-47E5-8E13-E87ED92FB841}.Release|ARM.ActiveCfg = Release|Any CPU
		{F33A36C5-FB7F-47E5-8E13-E87ED92FB841}.Release|ARM.Build.0 = Release|Any CPU
		{F33A36C5-FB7F-47E5-8E13-E87ED92FB841}.Release|ARM.Deploy.0 = Release|Any CPU
		{F33A36C5-FB7F-47E5-8E13-E87ED92FB841}.Release|iPhone.ActiveCfg = Release|Any CPU
		{F33A36C5-FB7F-47E5-8E13-E87ED92FB841}.Release|iPhone.Build.0 = Release|Any CPU
		{F33A36C5-FB7F-47E5-8E13-E87ED92FB841}.Release|iPhone.Deploy.0 = Release|Any CPU
		{F33A36C5-FB7F-47E5-8E13-E87ED92FB841}.Release|iPhoneSimulator.ActiveCfg = Release|Any CPU
		{F33A36C5-FB7F-47E5-8E13-E87ED92FB841}.Release|iPhoneSimulator.Build.0 = Release|Any CPU
		{F33A36C5-FB7F-47E5-8E13-E87ED92FB841}.Release|iPhoneSimulator.Deploy.0 = Release|Any CPU
		{F33A36C5-FB7F-47E5-8E13-E87ED92FB841}.Release|x64.ActiveCfg = Release|Any CPU
		{F33A36C5-FB7F-47E5-8E13-E87ED92FB841}.Release|x64.Build.0 = Release|Any CPU
		{F33A36C5-FB7F-47E5-8E13-E87ED92FB841}.Release|x64.Deploy.0 = Release|Any CPU
		{F33A36C5-FB7F-47E5-8E13-E87ED92FB841}.Release|x86.ActiveCfg = Release|Any CPU
		{F33A36C5-FB7F-47E5-8E13-E87ED92FB841}.Release|x86.Build.0 = Release|Any CPU
		{F33A36C5-FB7F-47E5-8E13-E87ED92FB841}.Release|x86.Deploy.0 = Release|Any CPU
		{DDD5D7E2-2D04-480F-9614-F320F5A8A998}.Debug|Any CPU.ActiveCfg = Debug|Any CPU
		{DDD5D7E2-2D04-480F-9614-F320F5A8A998}.Debug|Any CPU.Build.0 = Debug|Any CPU
		{DDD5D7E2-2D04-480F-9614-F320F5A8A998}.Debug|ARM.ActiveCfg = Debug|Any CPU
		{DDD5D7E2-2D04-480F-9614-F320F5A8A998}.Debug|ARM.Build.0 = Debug|Any CPU
		{DDD5D7E2-2D04-480F-9614-F320F5A8A998}.Debug|iPhone.ActiveCfg = Debug|Any CPU
		{DDD5D7E2-2D04-480F-9614-F320F5A8A998}.Debug|iPhone.Build.0 = Debug|Any CPU
		{DDD5D7E2-2D04-480F-9614-F320F5A8A998}.Debug|iPhoneSimulator.ActiveCfg = Debug|Any CPU
		{DDD5D7E2-2D04-480F-9614-F320F5A8A998}.Debug|iPhoneSimulator.Build.0 = Debug|Any CPU
		{DDD5D7E2-2D04-480F-9614-F320F5A8A998}.Debug|x64.ActiveCfg = Debug|Any CPU
		{DDD5D7E2-2D04-480F-9614-F320F5A8A998}.Debug|x64.Build.0 = Debug|Any CPU
		{DDD5D7E2-2D04-480F-9614-F320F5A8A998}.Debug|x86.ActiveCfg = Debug|Any CPU
		{DDD5D7E2-2D04-480F-9614-F320F5A8A998}.Debug|x86.Build.0 = Debug|Any CPU
		{DDD5D7E2-2D04-480F-9614-F320F5A8A998}.Release|Any CPU.ActiveCfg = Release|Any CPU
		{DDD5D7E2-2D04-480F-9614-F320F5A8A998}.Release|Any CPU.Build.0 = Release|Any CPU
		{DDD5D7E2-2D04-480F-9614-F320F5A8A998}.Release|ARM.ActiveCfg = Release|Any CPU
		{DDD5D7E2-2D04-480F-9614-F320F5A8A998}.Release|ARM.Build.0 = Release|Any CPU
		{DDD5D7E2-2D04-480F-9614-F320F5A8A998}.Release|iPhone.ActiveCfg = Release|Any CPU
		{DDD5D7E2-2D04-480F-9614-F320F5A8A998}.Release|iPhone.Build.0 = Release|Any CPU
		{DDD5D7E2-2D04-480F-9614-F320F5A8A998}.Release|iPhoneSimulator.ActiveCfg = Release|Any CPU
		{DDD5D7E2-2D04-480F-9614-F320F5A8A998}.Release|iPhoneSimulator.Build.0 = Release|Any CPU
		{DDD5D7E2-2D04-480F-9614-F320F5A8A998}.Release|x64.ActiveCfg = Release|Any CPU
		{DDD5D7E2-2D04-480F-9614-F320F5A8A998}.Release|x64.Build.0 = Release|Any CPU
		{DDD5D7E2-2D04-480F-9614-F320F5A8A998}.Release|x86.ActiveCfg = Release|Any CPU
		{DDD5D7E2-2D04-480F-9614-F320F5A8A998}.Release|x86.Build.0 = Release|Any CPU
		{66AEF619-CF07-4764-85E2-F0832AAF2CE4}.Debug|Any CPU.ActiveCfg = Debug|Any CPU
		{66AEF619-CF07-4764-85E2-F0832AAF2CE4}.Debug|Any CPU.Build.0 = Debug|Any CPU
		{66AEF619-CF07-4764-85E2-F0832AAF2CE4}.Debug|ARM.ActiveCfg = Debug|Any CPU
		{66AEF619-CF07-4764-85E2-F0832AAF2CE4}.Debug|ARM.Build.0 = Debug|Any CPU
		{66AEF619-CF07-4764-85E2-F0832AAF2CE4}.Debug|iPhone.ActiveCfg = Debug|Any CPU
		{66AEF619-CF07-4764-85E2-F0832AAF2CE4}.Debug|iPhone.Build.0 = Debug|Any CPU
		{66AEF619-CF07-4764-85E2-F0832AAF2CE4}.Debug|iPhoneSimulator.ActiveCfg = Debug|Any CPU
		{66AEF619-CF07-4764-85E2-F0832AAF2CE4}.Debug|iPhoneSimulator.Build.0 = Debug|Any CPU
		{66AEF619-CF07-4764-85E2-F0832AAF2CE4}.Debug|x64.ActiveCfg = Debug|Any CPU
		{66AEF619-CF07-4764-85E2-F0832AAF2CE4}.Debug|x64.Build.0 = Debug|Any CPU
		{66AEF619-CF07-4764-85E2-F0832AAF2CE4}.Debug|x86.ActiveCfg = Debug|Any CPU
		{66AEF619-CF07-4764-85E2-F0832AAF2CE4}.Debug|x86.Build.0 = Debug|Any CPU
		{66AEF619-CF07-4764-85E2-F0832AAF2CE4}.Release|Any CPU.ActiveCfg = Release|Any CPU
		{66AEF619-CF07-4764-85E2-F0832AAF2CE4}.Release|Any CPU.Build.0 = Release|Any CPU
		{66AEF619-CF07-4764-85E2-F0832AAF2CE4}.Release|ARM.ActiveCfg = Release|Any CPU
		{66AEF619-CF07-4764-85E2-F0832AAF2CE4}.Release|ARM.Build.0 = Release|Any CPU
		{66AEF619-CF07-4764-85E2-F0832AAF2CE4}.Release|iPhone.ActiveCfg = Release|Any CPU
		{66AEF619-CF07-4764-85E2-F0832AAF2CE4}.Release|iPhone.Build.0 = Release|Any CPU
		{66AEF619-CF07-4764-85E2-F0832AAF2CE4}.Release|iPhoneSimulator.ActiveCfg = Release|Any CPU
		{66AEF619-CF07-4764-85E2-F0832AAF2CE4}.Release|iPhoneSimulator.Build.0 = Release|Any CPU
		{66AEF619-CF07-4764-85E2-F0832AAF2CE4}.Release|x64.ActiveCfg = Release|Any CPU
		{66AEF619-CF07-4764-85E2-F0832AAF2CE4}.Release|x64.Build.0 = Release|Any CPU
		{66AEF619-CF07-4764-85E2-F0832AAF2CE4}.Release|x86.ActiveCfg = Release|Any CPU
		{66AEF619-CF07-4764-85E2-F0832AAF2CE4}.Release|x86.Build.0 = Release|Any CPU
	EndGlobalSection
	GlobalSection(SolutionProperties) = preSolution
		HideSolutionNode = FALSE
	EndGlobalSection
	GlobalSection(NestedProjects) = preSolution
		{53758D71-4691-4C05-8A38-FCB716C066B9} = {1C0E8D95-B1A2-4227-B71C-2554D327A30B}
		{B73C26CB-A782-4085-AE2C-28C6621A3D9B} = {1C0E8D95-B1A2-4227-B71C-2554D327A30B}
		{9320152F-77B6-4492-AE5B-A44BB0E3D9FC} = {1C0E8D95-B1A2-4227-B71C-2554D327A30B}
		{F33A36C5-FB7F-47E5-8E13-E87ED92FB841} = {1C0E8D95-B1A2-4227-B71C-2554D327A30B}
		{DDD5D7E2-2D04-480F-9614-F320F5A8A998} = {3DAE5A71-0B5A-47D9-9844-D882BC020CF9}
		{66AEF619-CF07-4764-85E2-F0832AAF2CE4} = {BB1366AB-6EB4-4A94-9858-58B1B454E4BF}
	EndGlobalSection
	GlobalSection(ExtensibilityGlobals) = postSolution
		SolutionGuid = {90DD11F4-1167-4C84-87CA-CA48BC0FA753}
	EndGlobalSection
EndGlobal
